
Microsoft Visual Studio Solution File, Format Version 12.00
# Visual Studio Version 17
VisualStudioVersion = 17.1.32319.34
MinimumVisualStudioVersion = 10.0.40219.1
Project("{9A19103F-16F7-4668-BE54-9A1E7A4F7556}") = "cnab-api", "cnab-api\cnab-api.csproj", "{31EE888F-C505-4EE8-BAD4-62E0C1FBC446}"
EndProject
Project("{9A19103F-16F7-4668-BE54-9A1E7A4F7556}") = "cnab-services", "cnab-services\cnab-services.csproj", "{5F1E27E6-F826-4C63-A5CE-24584E01D184}"
EndProject
Project("{9A19103F-16F7-4668-BE54-9A1E7A4F7556}") = "cnab-entities", "cnab-entities\cnab-entities.csproj", "{1574B827-7B0E-47FC-BD1D-EADBC2A8DB7C}"
EndProject
Project("{9A19103F-16F7-4668-BE54-9A1E7A4F7556}") = "cnab-infra", "cnab-infra\cnab-infra.csproj", "{C20ABADF-FB11-47E0-BA2D-F92AD3EC512C}"
EndProject
Project("{9A19103F-16F7-4668-BE54-9A1E7A4F7556}") = "cnab-helpers", "cnab-helpers\cnab-helpers.csproj", "{24EAC51A-AAEC-449B-BB83-5838B8A79EAE}"
EndProject
Project("{9A19103F-16F7-4668-BE54-9A1E7A4F7556}") = "cnab-contracts", "cnab-contracts\cnab-contracts.csproj", "{2B5C53CA-4410-45C9-AC81-0A293B45DD60}"
EndProject
Project("{9A19103F-16F7-4668-BE54-9A1E7A4F7556}") = "cnap-app", "cnap-app\cnap-app.csproj", "{452E9C7C-FD58-4ECC-ADAE-A7CB24234DA3}"
EndProject
Global
	GlobalSection(SolutionConfigurationPlatforms) = preSolution
		Debug|Any CPU = Debug|Any CPU
		Release|Any CPU = Release|Any CPU
	EndGlobalSection
	GlobalSection(ProjectConfigurationPlatforms) = postSolution
		{31EE888F-C505-4EE8-BAD4-62E0C1FBC446}.Debug|Any CPU.ActiveCfg = Debug|Any CPU
		{31EE888F-C505-4EE8-BAD4-62E0C1FBC446}.Debug|Any CPU.Build.0 = Debug|Any CPU
		{31EE888F-C505-4EE8-BAD4-62E0C1FBC446}.Release|Any CPU.ActiveCfg = Release|Any CPU
		{31EE888F-C505-4EE8-BAD4-62E0C1FBC446}.Release|Any CPU.Build.0 = Release|Any CPU
		{5F1E27E6-F826-4C63-A5CE-24584E01D184}.Debug|Any CPU.ActiveCfg = Debug|Any CPU
		{5F1E27E6-F826-4C63-A5CE-24584E01D184}.Debug|Any CPU.Build.0 = Debug|Any CPU
		{5F1E27E6-F826-4C63-A5CE-24584E01D184}.Release|Any CPU.ActiveCfg = Release|Any CPU
		{5F1E27E6-F826-4C63-A5CE-24584E01D184}.Release|Any CPU.Build.0 = Release|Any CPU
		{1574B827-7B0E-47FC-BD1D-EADBC2A8DB7C}.Debug|Any CPU.ActiveCfg = Debug|Any CPU
		{1574B827-7B0E-47FC-BD1D-EADBC2A8DB7C}.Debug|Any CPU.Build.0 = Debug|Any CPU
		{1574B827-7B0E-47FC-BD1D-EADBC2A8DB7C}.Release|Any CPU.ActiveCfg = Release|Any CPU
		{1574B827-7B0E-47FC-BD1D-EADBC2A8DB7C}.Release|Any CPU.Build.0 = Release|Any CPU
		{C20ABADF-FB11-47E0-BA2D-F92AD3EC512C}.Debug|Any CPU.ActiveCfg = Debug|Any CPU
		{C20ABADF-FB11-47E0-BA2D-F92AD3EC512C}.Debug|Any CPU.Build.0 = Debug|Any CPU
		{C20ABADF-FB11-47E0-BA2D-F92AD3EC512C}.Release|Any CPU.ActiveCfg = Release|Any CPU
		{C20ABADF-FB11-47E0-BA2D-F92AD3EC512C}.Release|Any CPU.Build.0 = Release|Any CPU
		{24EAC51A-AAEC-449B-BB83-5838B8A79EAE}.Debug|Any CPU.ActiveCfg = Debug|Any CPU
		{24EAC51A-AAEC-449B-BB83-5838B8A79EAE}.Debug|Any CPU.Build.0 = Debug|Any CPU
		{24EAC51A-AAEC-449B-BB83-5838B8A79EAE}.Release|Any CPU.ActiveCfg = Release|Any CPU
		{24EAC51A-AAEC-449B-BB83-5838B8A79EAE}.Release|Any CPU.Build.0 = Release|Any CPU
		{2B5C53CA-4410-45C9-AC81-0A293B45DD60}.Debug|Any CPU.ActiveCfg = Debug|Any CPU
		{2B5C53CA-4410-45C9-AC81-0A293B45DD60}.Debug|Any CPU.Build.0 = Debug|Any CPU
		{2B5C53CA-4410-45C9-AC81-0A293B45DD60}.Release|Any CPU.ActiveCfg = Release|Any CPU
		{2B5C53CA-4410-45C9-AC81-0A293B45DD60}.Release|Any CPU.Build.0 = Release|Any CPU
		{452E9C7C-FD58-4ECC-ADAE-A7CB24234DA3}.Debug|Any CPU.ActiveCfg = Debug|Any CPU
		{452E9C7C-FD58-4ECC-ADAE-A7CB24234DA3}.Debug|Any CPU.Build.0 = Debug|Any CPU
		{452E9C7C-FD58-4ECC-ADAE-A7CB24234DA3}.Release|Any CPU.ActiveCfg = Release|Any CPU
		{452E9C7C-FD58-4ECC-ADAE-A7CB24234DA3}.Release|Any CPU.Build.0 = Release|Any CPU
	EndGlobalSection
	GlobalSection(SolutionProperties) = preSolution
		HideSolutionNode = FALSE
	EndGlobalSection
	GlobalSection(ExtensibilityGlobals) = postSolution
		SolutionGuid = {1B206404-9D04-4A01-9A17-6B75BA48BED7}
	EndGlobalSection
EndGlobal
